Microsoft Visual Studio Solution File, Format Version 12.00
# Visual Studio 2013
VisualStudioVersion = 12.0.31101.0
MinimumVisualStudioVersion = 10.0.40219.1
Project("{FAE04EC0-301F-11D3-BF4B-00C04F79EFBC}") = "DragqnLD.Core", "DragqnLD.Core\DragqnLD.Core.csproj", "{D8A0E344-3F64-4F69-83AC-156D8CE1FBD5}"
EndProject
Project("{2150E333-8FDC-42A3-9474-1A3956D46DE8}") = "Tests", "Tests", "{FCDFCDAE-EEC1-421C-B0CA-7419F6E32DE5}"
EndProject
Project("{FAE04EC0-301F-11D3-BF4B-00C04F79EFBC}") = "DragqnLD.Core.UnitTests", "Tests\DragqnLD.Core.UnitTests\DragqnLD.Core.UnitTests.csproj", "{94819897-1C47-42C5-8A8A-913EFD4D519B}"
EndProject
Project("{FAE04EC0-301F-11D3-BF4B-00C04F79EFBC}") = "DragqnLD.WebApi", "DragqnLD.WebApi\DragqnLD.WebApi.csproj", "{C5E23BDF-0762-43A0-82A5-84709C131A4E}"
EndProject
Project("{FAE04EC0-301F-11D3-BF4B-00C04F79EFBC}") = "DragqnLD.Web.Html5", "DragqnLD.Web.Html5\DragqnLD.Web.Html5.csproj", "{FC0188CE-A5F5-4289-96CC-67434B99598B}"
	ProjectSection(ProjectDependencies) = postProject
		{D8A0E344-3F64-4F69-83AC-156D8CE1FBD5} = {D8A0E344-3F64-4F69-83AC-156D8CE1FBD5}
		{C5E23BDF-0762-43A0-82A5-84709C131A4E} = {C5E23BDF-0762-43A0-82A5-84709C131A4E}
	EndProjectSection
EndProject
Project("{2150E333-8FDC-42A3-9474-1A3956D46DE8}") = "Solution Items", "Solution Items", "{C949DD91-B4B8-4391-83E3-ECF556D3BD45}"
	ProjectSection(SolutionItems) = preProject
		..\..\.gitattributes = ..\..\.gitattributes
		..\..\.gitignore = ..\..\.gitignore
		..\..\README.md = ..\..\README.md
		tslint.json = tslint.json
		WebEssentials-Settings.json = WebEssentials-Settings.json
	EndProjectSection
EndProject
Project("{FAE04EC0-301F-11D3-BF4B-00C04F79EFBC}") = "DragqnLD.UnitTests", "Tests\DragqnLD.UnitTests\DragqnLD.UnitTests.csproj", "{1C70107C-C112-484D-A029-E9F4B0BE3D0F}"
EndProject
Project("{2150E333-8FDC-42A3-9474-1A3956D46DE8}") = ".nuget", ".nuget", "{097BFCE5-8BC0-4ADC-B6B4-E446968922B5}"
	ProjectSection(SolutionItems) = preProject
		.nuget\NuGet.Config = .nuget\NuGet.Config
		.nuget\NuGet.exe = .nuget\NuGet.exe
		.nuget\NuGet.targets = .nuget\NuGet.targets
		.nuget\packages.config = .nuget\packages.config
	EndProjectSection
EndProject
Project("{FAE04EC0-301F-11D3-BF4B-00C04F79EFBC}") = "DragqnLD.Core.PerfTests", "Tests\DragqnLD.Core.PerfTests\DragqnLD.Core.PerfTests.csproj", "{F7662897-E196-44EF-BD1A-8998B5377D18}"
EndProject
Project("{FAE04EC0-301F-11D3-BF4B-00C04F79EFBC}") = "DragqnLD.Analyzers", "DragqnLD.Analyzers\DragqnLD.Analyzers.csproj", "{C4AF549B-3420-47AB-848E-8BFCDF1BD70B}"
EndProject
Global
	GlobalSection(SolutionConfigurationPlatforms) = preSolution
		Debug|Any CPU = Debug|Any CPU
		Release|Any CPU = Release|Any CPU
	EndGlobalSection
	GlobalSection(ProjectConfigurationPlatforms) = postSolution
		{D8A0E344-3F64-4F69-83AC-156D8CE1FBD5}.Debug|Any CPU.ActiveCfg = Debug|Any CPU
		{D8A0E344-3F64-4F69-83AC-156D8CE1FBD5}.Debug|Any CPU.Build.0 = Debug|Any CPU
		{D8A0E344-3F64-4F69-83AC-156D8CE1FBD5}.Release|Any CPU.ActiveCfg = Release|Any CPU
		{D8A0E344-3F64-4F69-83AC-156D8CE1FBD5}.Release|Any CPU.Build.0 = Release|Any CPU
		{94819897-1C47-42C5-8A8A-913EFD4D519B}.Debug|Any CPU.ActiveCfg = Debug|Any CPU
		{94819897-1C47-42C5-8A8A-913EFD4D519B}.Debug|Any CPU.Build.0 = Debug|Any CPU
		{94819897-1C47-42C5-8A8A-913EFD4D519B}.Release|Any CPU.ActiveCfg = Release|Any CPU
		{94819897-1C47-42C5-8A8A-913EFD4D519B}.Release|Any CPU.Build.0 = Release|Any CPU
		{C5E23BDF-0762-43A0-82A5-84709C131A4E}.Debug|Any CPU.ActiveCfg = Debug|Any CPU
		{C5E23BDF-0762-43A0-82A5-84709C131A4E}.Debug|Any CPU.Build.0 = Debug|Any CPU
		{C5E23BDF-0762-43A0-82A5-84709C131A4E}.Release|Any CPU.ActiveCfg = Release|Any CPU
		{C5E23BDF-0762-43A0-82A5-84709C131A4E}.Release|Any CPU.Build.0 = Release|Any CPU
		{FC0188CE-A5F5-4289-96CC-67434B99598B}.Debug|Any CPU.ActiveCfg = Debug|Any CPU
		{FC0188CE-A5F5-4289-96CC-67434B99598B}.Debug|Any CPU.Build.0 = Debug|Any CPU
		{FC0188CE-A5F5-4289-96CC-67434B99598B}.Release|Any CPU.ActiveCfg = Release|Any CPU
		{FC0188CE-A5F5-4289-96CC-67434B99598B}.Release|Any CPU.Build.0 = Release|Any CPU
		{1C70107C-C112-484D-A029-E9F4B0BE3D0F}.Debug|Any CPU.ActiveCfg = Debug|Any CPU
		{1C70107C-C112-484D-A029-E9F4B0BE3D0F}.Debug|Any CPU.Build.0 = Debug|Any CPU
		{1C70107C-C112-484D-A029-E9F4B0BE3D0F}.Release|Any CPU.ActiveCfg = Release|Any CPU
		{1C70107C-C112-484D-A029-E9F4B0BE3D0F}.Release|Any CPU.Build.0 = Release|Any CPU
		{F7662897-E196-44EF-BD1A-8998B5377D18}.Debug|Any CPU.ActiveCfg = Debug|Any CPU
		{F7662897-E196-44EF-BD1A-8998B5377D18}.Debug|Any CPU.Build.0 = Debug|Any CPU
		{F7662897-E196-44EF-BD1A-8998B5377D18}.Release|Any CPU.ActiveCfg = Release|Any CPU
		{F7662897-E196-44EF-BD1A-8998B5377D18}.Release|Any CPU.Build.0 = Release|Any CPU
		{C4AF549B-3420-47AB-848E-8BFCDF1BD70B}.Debug|Any CPU.ActiveCfg = Debug|Any CPU
		{C4AF549B-3420-47AB-848E-8BFCDF1BD70B}.Debug|Any CPU.Build.0 = Debug|Any CPU
		{C4AF549B-3420-47AB-848E-8BFCDF1BD70B}.Release|Any CPU.ActiveCfg = Release|Any CPU
		{C4AF549B-3420-47AB-848E-8BFCDF1BD70B}.Release|Any CPU.Build.0 = Release|Any CPU
	EndGlobalSection
	GlobalSection(SolutionProperties) = preSolution
		HideSolutionNode = FALSE
	EndGlobalSection
	GlobalSection(NestedProjects) = preSolution
		{94819897-1C47-42C5-8A8A-913EFD4D519B} = {FCDFCDAE-EEC1-421C-B0CA-7419F6E32DE5}
		{1C70107C-C112-484D-A029-E9F4B0BE3D0F} = {FCDFCDAE-EEC1-421C-B0CA-7419F6E32DE5}
		{F7662897-E196-44EF-BD1A-8998B5377D18} = {FCDFCDAE-EEC1-421C-B0CA-7419F6E32DE5}
	EndGlobalSection
EndGlobal
